
Microsoft Visual Studio Solution File, Format Version 12.00
# Visual Studio Version 17
VisualStudioVersion = 17.5.33516.290
MinimumVisualStudioVersion = 10.0.40219.1
Project("{FAE04EC0-301F-11D3-BF4B-00C04F79EFBC}") = "Desktop Application", "Desktop Application\Desktop Application.csproj", "{E25C1580-400B-41A9-8C0C-0BB59FDEC7CE}"
EndProject
Global
	GlobalSection(SolutionConfigurationPlatforms) = preSolution
		Debug|Any CPU = Debug|Any CPU
		Release|Any CPU = Release|Any CPU
	EndGlobalSection
	GlobalSection(ProjectConfigurationPlatforms) = postSolution
		{E25C1580-400B-41A9-8C0C-0BB59FDEC7CE}.Debug|Any CPU.ActiveCfg = Debug|Any CPU
		{E25C1580-400B-41A9-8C0C-0BB59FDEC7CE}.Debug|Any CPU.Build.0 = Debug|Any CPU
		{E25C1580-400B-41A9-8C0C-0BB59FDEC7CE}.Release|Any CPU.ActiveCfg = Release|Any CPU
		{E25C1580-400B-41A9-8C0C-0BB59FDEC7CE}.Release|Any CPU.Build.0 = Release|Any CPU
	EndGlobalSection
	GlobalSection(SolutionProperties) = preSolution
		HideSolutionNode = FALSE
	EndGlobalSection
	GlobalSection(ExtensibilityGlobals) = postSolution
		SolutionGuid = {63067BE9-01F5-4E5A-A993-25D76B6E8D44}
	EndGlobalSection
EndGlobal
